
Microsoft Visual Studio Solution File, Format Version 12.00
# Visual Studio Version 16
VisualStudioVersion = 16.0.31410.357
MinimumVisualStudioVersion = 10.0.40219.1
Project("{FAE04EC0-301F-11D3-BF4B-00C04F79EFBC}") = "caceis-aws-api", "caceis-aws-api.csproj", "{859595E4-5707-4D9E-8A7E-5A089CADF4B3}"
EndProject
Global
	GlobalSection(SolutionConfigurationPlatforms) = preSolution
		Debug|Any CPU = Debug|Any CPU
		Release|Any CPU = Release|Any CPU
	EndGlobalSection
	GlobalSection(ProjectConfigurationPlatforms) = postSolution
		{859595E4-5707-4D9E-8A7E-5A089CADF4B3}.Debug|Any CPU.ActiveCfg = Debug|Any CPU
		{859595E4-5707-4D9E-8A7E-5A089CADF4B3}.Debug|Any CPU.Build.0 = Debug|Any CPU
		{859595E4-5707-4D9E-8A7E-5A089CADF4B3}.Release|Any CPU.ActiveCfg = Release|Any CPU
		{859595E4-5707-4D9E-8A7E-5A089CADF4B3}.Release|Any CPU.Build.0 = Release|Any CPU
	EndGlobalSection
	GlobalSection(SolutionProperties) = preSolution
		HideSolutionNode = FALSE
	EndGlobalSection
	GlobalSection(ExtensibilityGlobals) = postSolution
		SolutionGuid = {6ECC397B-FA70-4F0E-933E-B915CD54EEE5}
	EndGlobalSection
EndGlobal
